
Microsoft Visual Studio Solution File, Format Version 12.00
# Visual Studio 15
VisualStudioVersion = 15.0.27703.2042
MinimumVisualStudioVersion = 10.0.40219.1
Project("{FAE04EC0-301F-11D3-BF4B-00C04F79EFBC}") = "AXA_price_calc", "AXA_price_calc\AXA_price_calc.csproj", "{738093E5-432D-4618-B311-27B6637418CE}"
EndProject
Global
	GlobalSection(SolutionConfigurationPlatforms) = preSolution
		Debug|Any CPU = Debug|Any CPU
		Release|Any CPU = Release|Any CPU
	EndGlobalSection
	GlobalSection(ProjectConfigurationPlatforms) = postSolution
		{738093E5-432D-4618-B311-27B6637418CE}.Debug|Any CPU.ActiveCfg = Debug|Any CPU
		{738093E5-432D-4618-B311-27B6637418CE}.Debug|Any CPU.Build.0 = Debug|Any CPU
		{738093E5-432D-4618-B311-27B6637418CE}.Release|Any CPU.ActiveCfg = Release|Any CPU
		{738093E5-432D-4618-B311-27B6637418CE}.Release|Any CPU.Build.0 = Release|Any CPU
	EndGlobalSection
	GlobalSection(SolutionProperties) = preSolution
		HideSolutionNode = FALSE
	EndGlobalSection
	GlobalSection(ExtensibilityGlobals) = postSolution
		SolutionGuid = {0A79D95C-F039-4B41-9EF5-76E475679C4E}
	EndGlobalSection
EndGlobal
